
Microsoft Visual Studio Solution File, Format Version 12.00
# Visual Studio 15
VisualStudioVersion = 15.0.27004.2006
MinimumVisualStudioVersion = 10.0.40219.1
Project("{FAE04EC0-301F-11D3-BF4B-00C04F79EFBC}") = "GarageFix", "GarageFix\GarageFix.csproj", "{EABF5647-4216-49A2-9870-E7B967921278}"
EndProject
Project("{FAE04EC0-301F-11D3-BF4B-00C04F79EFBC}") = "UnitTestProject1", "UnitTestProject1\UnitTestProject1.csproj", "{3162E04A-EEE7-4A5B-988F-147943CA32D4}"
EndProject
Global
	GlobalSection(SolutionConfigurationPlatforms) = preSolution
		Debug|Any CPU = Debug|Any CPU
		Release|Any CPU = Release|Any CPU
	EndGlobalSection
	GlobalSection(ProjectConfigurationPlatforms) = postSolution
		{EABF5647-4216-49A2-9870-E7B967921278}.Debug|Any CPU.ActiveCfg = Debug|Any CPU
		{EABF5647-4216-49A2-9870-E7B967921278}.Debug|Any CPU.Build.0 = Debug|Any CPU
		{EABF5647-4216-49A2-9870-E7B967921278}.Release|Any CPU.ActiveCfg = Release|Any CPU
		{EABF5647-4216-49A2-9870-E7B967921278}.Release|Any CPU.Build.0 = Release|Any CPU
		{3162E04A-EEE7-4A5B-988F-147943CA32D4}.Debug|Any CPU.ActiveCfg = Debug|Any CPU
		{3162E04A-EEE7-4A5B-988F-147943CA32D4}.Debug|Any CPU.Build.0 = Debug|Any CPU
		{3162E04A-EEE7-4A5B-988F-147943CA32D4}.Release|Any CPU.ActiveCfg = Release|Any CPU
		{3162E04A-EEE7-4A5B-988F-147943CA32D4}.Release|Any CPU.Build.0 = Release|Any CPU
	EndGlobalSection
	GlobalSection(SolutionProperties) = preSolution
		HideSolutionNode = FALSE
	EndGlobalSection
	GlobalSection(ExtensibilityGlobals) = postSolution
		SolutionGuid = {3854F4BB-7D8D-4A00-BCCE-94BCE462E3F3}
	EndGlobalSection
EndGlobal
